// !$*UTF8*$!
{
	archiveVersion = 1;
	classes = {
	};
	objectVersion = 46;
	objects = {

/* Begin PBXBuildFile section */
		5CBD19EC1770F21100118D2A /* UIKit.framework in Frameworks */ = {isa = PBXBuildFile; fileRef = 5CBD19EB1770F21100118D2A /* UIKit.framework */; };
		5CBD19EE1770F21100118D2A /* Foundation.framework in Frameworks */ = {isa = PBXBuildFile; fileRef = 5CBD19ED1770F21100118D2A /* Foundation.framework */; };
		5CBD19F01770F21100118D2A /* CoreGraphics.framework in Frameworks */ = {isa = PBXBuildFile; fileRef = 5CBD19EF1770F21100118D2A /* CoreGraphics.framework */; };
		5CBD19F61770F21100118D2A /* InfoPlist.strings in Resources */ = {isa = PBXBuildFile; fileRef = 5CBD19F41770F21100118D2A /* InfoPlist.strings */; };
		5CBD19F81770F21100118D2A /* main.m in Sources */ = {isa = PBXBuildFile; fileRef = 5CBD19F71770F21100118D2A /* main.m */; };
		5CBD19FC1770F21100118D2A /* TrainingDemoAppDelegate.m in Sources */ = {isa = PBXBuildFile; fileRef = 5CBD19FB1770F21100118D2A /* TrainingDemoAppDelegate.m */; };
		5CBD19FF1770F21100118D2A /* MainStoryboard.storyboard in Resources */ = {isa = PBXBuildFile; fileRef = 5CBD19FD1770F21100118D2A /* MainStoryboard.storyboard */; };
		5CBD1A021770F21100118D2A /* TrainingDemoViewController.m in Sources */ = {isa = PBXBuildFile; fileRef = 5CBD1A011770F21100118D2A /* TrainingDemoViewController.m */; };
/* End PBXBuildFile section */

/* Begin PBXFileReference section */
		5CBD19E71770F21100118D2A /* Training.app */ = {isa = PBXFileReference; explicitFileType = wrapper.application; includeInIndex = 0; path = Training.app; sourceTree = BUILT_PRODUCTS_DIR; };
		5CBD19EB1770F21100118D2A /* UIKit.framework */ = {isa = PBXFileReference; lastKnownFileType = wrapper.framework; name = UIKit.framework; path = System/Library/Frameworks/UIKit.framework; sourceTree = SDKROOT; };
		5CBD19ED1770F21100118D2A /* Foundation.framework */ = {isa = PBXFileReference; lastKnownFileType = wrapper.framework; name = Foundation.framework; path = System/Library/Frameworks/Foundation.framework; sourceTree = SDKROOT; };
		5CBD19EF1770F21100118D2A /* CoreGraphics.framework */ = {isa = PBXFileReference; lastKnownFileType = wrapper.framework; name = CoreGraphics.framework; path = System/Library/Frameworks/CoreGraphics.framework; sourceTree = SDKROOT; };
		5CBD19F31770F21100118D2A /* Training-Info.plist */ = {isa = PBXFileReference; path = "Training-Info.plist"; sourceTree = "<group>"; };
		5CBD19F51770F21100118D2A /* en */ = {isa = PBXFileReference; lastKnownFileType = text.plist.strings; name = en; path = en.lproj/InfoPlist.strings; sourceTree = "<group>"; };
		5CBD19F71770F21100118D2A /* main.m */ = {isa = PBXFileReference; lastKnownFileType = sourcecode.c.objc; path = main.m; sourceTree = "<group>"; };
		5CBD19F91770F21100118D2A /* Training-Prefix.pch */ = {isa = PBXFileReference; path = "Training-Prefix.pch"; sourceTree = "<group>"; };
		5CBD19FA1770F21100118D2A /* TrainingDemoAppDelegate.h */ = {isa = PBXFileReference; path = TrainingDemoAppDelegate.h; sourceTree = "<group>"; };
		5CBD19FB1770F21100118D2A /* TrainingDemoAppDelegate.m */ = {isa = PBXFileReference; lastKnownFileType = sourcecode.c.objc; path = TrainingDemoAppDelegate.m; sourceTree = "<group>"; };
		5CBD19FE1770F21100118D2A /* en */ = {isa = PBXFileReference; lastKnownFileType = file.storyboard; name = en; path = en.lproj/MainStoryboard.storyboard; sourceTree = "<group>"; };
		5CBD1A001770F21100118D2A /* TrainingDemoViewController.h */ = {isa = PBXFileReference; path = TrainingDemoViewController.h; sourceTree = "<group>"; };
		5CBD1A011770F21100118D2A /* TrainingDemoViewController.m */ = {isa = PBXFileReference; lastKnownFileType = sourcecode.c.objc; path = TrainingDemoViewController.m; sourceTree = "<group>"; };
/* End PBXFileReference section */

/* Begin PBXFrameworksBuildPhase section */
		5CBD19E41770F21100118D2A /* Frameworks */ = {
			isa = PBXFrameworksBuildPhase;
			buildActionMask = 2147483647;
			files = (
				5CBD19EC1770F21100118D2A /* UIKit.framework in Frameworks */,
				5CBD19EE1770F21100118D2A /* Foundation.framework in Frameworks */,
				5CBD19F01770F21100118D2A /* CoreGraphics.framework in Frameworks */,
			);
			runOnlyForDeploymentPostprocessing = 0;
		};
/* End PBXFrameworksBuildPhase section */

/* Begin PBXGroup section */
		5CBD19DC1770F21100118D2A = {
			isa = PBXGroup;
			children = (
				5CBD19F11770F21100118D2A /* Training */,
				5CBD19EA1770F21100118D2A /* Frameworks */,
				5CBD19E81770F21100118D2A /* Products */,
			);
			sourceTree = "<group>";
		};
		5CBD19E81770F21100118D2A /* Products */ = {
			isa = PBXGroup;
			children = (
				5CBD19E71770F21100118D2A /* Training.app */,
			);
			name = Products;
			sourceTree = "<group>";
		};
		5CBD19EA1770F21100118D2A /* Frameworks */ = {
			isa = PBXGroup;
			children = (
				5CBD19EB1770F21100118D2A /* UIKit.framework */,
				5CBD19ED1770F21100118D2A /* Foundation.framework */,
				5CBD19EF1770F21100118D2A /* CoreGraphics.framework */,
			);
			name = Frameworks;
			sourceTree = "<group>";
		};
		5CBD19F11770F21100118D2A /* Training */ = {
			isa = PBXGroup;
			children = (
				5CBD19FA1770F21100118D2A /* TrainingDemoAppDelegate.h */,
				5CBD19FB1770F21100118D2A /* TrainingDemoAppDelegate.m */,
				5CBD19FD1770F21100118D2A /* MainStoryboard.storyboard */,
				5CBD1A001770F21100118D2A /* TrainingDemoViewController.h */,
				5CBD1A011770F21100118D2A /* TrainingDemoViewController.m */,
				5CBD19F21770F21100118D2A /* Supporting Files */,
			);
			path = Training;
			sourceTree = "<group>";
		};
		5CBD19F21770F21100118D2A /* Supporting Files */ = {
			isa = PBXGroup;
			children = (
				5CBD19F31770F21100118D2A /* Training-Info.plist */,
				5CBD19F41770F21100118D2A /* InfoPlist.strings */,
				5CBD19F71770F21100118D2A /* main.m */,
				5CBD19F91770F21100118D2A /* Training-Prefix.pch */,
			);
			name = "Supporting Files";
			sourceTree = "<group>";
		};
/* End PBXGroup section */

/* Begin PBXNativeTarget section */
		5CBD19E61770F21100118D2A /* Training */ = {
			isa = PBXNativeTarget;
			buildConfigurationList = 5CBD1A051770F21100118D2A /* Build configuration list for PBXNativeTarget "Training" */;
			buildPhases = (
				5CBD19E31770F21100118D2A /* Sources */,
				5CBD19E41770F21100118D2A /* Frameworks */,
				5CBD19E51770F21100118D2A /* Resources */,
			);
			buildRules = (
			);
			dependencies = (
			);
			name = Training;
			productName = Training;
			productReference = 5CBD19E71770F21100118D2A /* Training.app */;
			productType = "com.apple.product-type.application";
		};
/* End PBXNativeTarget section */

/* Begin PBXProject section */
		5CBD19DE1770F21100118D2A /* Project object */ = {
			isa = PBXProject;
			attributes = {
				CLASSPREFIX = TrainingDemo;
				LastUpgradeCheck = 0430;
			};
			buildConfigurationList = 5CBD19E11770F21100118D2A /* Build configuration list for PBXProject "Training" */;
			compatibilityVersion = "Xcode 3.2";
			developmentRegion = English;
			hasScannedForEncodings = 0;
			knownRegions = (
				en,
			);
			mainGroup = 5CBD19DC1770F21100118D2A;
			productRefGroup = 5CBD19E81770F21100118D2A /* Products */;
			projectDirPath = "";
			projectRoot = "";
			targets = (
				5CBD19E61770F21100118D2A /* Training */,
			);
		};
/* End PBXProject section */

/* Begin PBXResourcesBuildPhase section */
		5CBD19E51770F21100118D2A /* Resources */ = {
			isa = PBXResourcesBuildPhase;
			buildActionMask = 2147483647;
			files = (
				5CBD19F61770F21100118D2A /* InfoPlist.strings in Resources */,
				5CBD19FF1770F21100118D2A /* MainStoryboard.storyboard in Resources */,
			);
			runOnlyForDeploymentPostprocessing = 0;
		};
/* End PBXResourcesBuildPhase section */

/* Begin PBXSourcesBuildPhase section */
		5CBD19E31770F21100118D2A /* Sources */ = {
			isa = PBXSourcesBuildPhase;
			buildActionMask = 2147483647;
			files = (
				5CBD19F81770F21100118D2A /* main.m in Sources */,
				5CBD19FC1770F21100118D2A /* TrainingDemoAppDelegate.m in Sources */,
				5CBD1A021770F21100118D2A /* TrainingDemoViewController.m in Sources */,
			);
			runOnlyForDeploymentPostprocessing = 0;
		};
/* End PBXSourcesBuildPhase section */

/* Begin PBXVariantGroup section */
		5CBD19F41770F21100118D2A /* InfoPlist.strings */ = {
			isa = PBXVariantGroup;
			children = (
				5CBD19F51770F21100118D2A /* en */,
			);
			name = InfoPlist.strings;
			sourceTree = "<group>";
		};
		5CBD19FD1770F21100118D2A /* MainStoryboard.storyboard */ = {
			isa = PBXVariantGroup;
			children = (
				5CBD19FE1770F21100118D2A /* en */,
			);
			name = MainStoryboard.storyboard;
			sourceTree = "<group>";
		};
/* End PBXVariantGroup section */

/* Begin XCBuildConfiguration section */
		5CBD1A031770F21100118D2A /* Debug */ = {
			isa = XCBuildConfiguration;
			buildSettings = {
				ALWAYS_SEARCH_USER_PATHS = NO;
				ARCHS = "$(ARCHS_STANDARD_32_BIT)";
				CLANG_ENABLE_OBJC_ARC = YES;
				"CODE_SIGN_IDENTITY[sdk=iphoneos*]" = "iPhone Developer";
				COPY_PHASE_STRIP = NO;
				GCC_C_LANGUAGE_STANDARD = gnu99;
				GCC_DYNAMIC_NO_PIC = NO;
				GCC_OPTIMIZATION_LEVEL = 0;
				GCC_PREPROCESSOR_DEFINITIONS = (
					"DEBUG=1",
					"$(inherited)",
				);
				GCC_SYMBOLS_PRIVATE_EXTERN = NO;
				GCC_VERSION = com.apple.compilers.llvm.clang.1_0;
				GCC_WARN_ABOUT_RETURN_TYPE = YES;
				GCC_WARN_UNINITIALIZED_AUTOS = YES;
				GCC_WARN_UNUSED_VARIABLE = YES;
				IPHONEOS_DEPLOYMENT_TARGET = 5.1;
				SDKROOT = iphoneos;
			};
			name = Debug;
		};
		5CBD1A041770F21100118D2A /* Release */ = {
			isa = XCBuildConfiguration;
			buildSettings = {
				ALWAYS_SEARCH_USER_PATHS = NO;
				ARCHS = "$(ARCHS_STANDARD_32_BIT)";
				CLANG_ENABLE_OBJC_ARC = YES;
				"CODE_SIGN_IDENTITY[sdk=iphoneos*]" = "iPhone Developer";
				COPY_PHASE_STRIP = YES;
				GCC_C_LANGUAGE_STANDARD = gnu99;
				GCC_VERSION = com.apple.compilers.llvm.clang.1_0;
				GCC_WARN_ABOUT_RETURN_TYPE = YES;
				GCC_WARN_UNINITIALIZED_AUTOS = YES;
				GCC_WARN_UNUSED_VARIABLE = YES;
				IPHONEOS_DEPLOYMENT_TARGET = 5.1;
				OTHER_CFLAGS = "-DNS_BLOCK_ASSERTIONS=1";
				SDKROOT = iphoneos;
				VALIDATE_PRODUCT = YES;
			};
			name = Release;
		};
		5CBD1A061770F21100118D2A /* Debug */ = {
			isa = XCBuildConfiguration;
			buildSettings = {
				GCC_PRECOMPILE_PREFIX_HEADER = YES;
				GCC_PREFIX_HEADER = "Training/Training-Prefix.pch";
				INFOPLIST_FILE = "Training/Training-Info.plist";
				PRODUCT_NAME = "$(TARGET_NAME)";
				WRAPPER_EXTENSION = app;
			};
			name = Debug;
		};
		5CBD1A071770F21100118D2A /* Release */ = {
			isa = XCBuildConfiguration;
			buildSettings = {
				GCC_PRECOMPILE_PREFIX_HEADER = YES;
				GCC_PREFIX_HEADER = "Training/Training-Prefix.pch";
				INFOPLIST_FILE = "Training/Training-Info.plist";
				PRODUCT_NAME = "$(TARGET_NAME)";
				WRAPPER_EXTENSION = app;
			};
			name = Release;
		};
/* End XCBuildConfiguration section */

/* Begin XCConfigurationList section */
		5CBD19E11770F21100118D2A /* Build configuration list for PBXProject "Training" */ = {
			isa = XCConfigurationList;
			buildConfigurations = (
				5CBD1A031770F21100118D2A /* Debug */,
				5CBD1A041770F21100118D2A /* Release */,
			);
			defaultConfigurationIsVisible = 0;
			defaultConfigurationName = Release;
		};
		5CBD1A051770F21100118D2A /* Build configuration list for PBXNativeTarget "Training" */ = {
			isa = XCConfigurationList;
			buildConfigurations = (
				5CBD1A061770F21100118D2A /* Debug */,
				5CBD1A071770F21100118D2A /* Release */,
			);
			defaultConfigurationIsVisible = 0;
		};
/* End XCConfigurationList section */
	};
	rootObject = 5CBD19DE1770F21100118D2A /* Project object */;
}
